// !$*UTF8*$!
{
	archiveVersion = 1;
	classes = {
	};
	objectVersion = 50;
	objects = {

/* Begin PBXBuildFile section */
		86192C56B5963CA038E9409E /* libPods-listView.a in Frameworks */ = {isa = PBXBuildFile; fileRef = 13956AAEC5600AA1EA3C9825 /* libPods-listView.a */; };
		895E294522D34F39006FF867 /* AppDelegate.m in Sources */ = {isa = PBXBuildFile; fileRef = 895E294422D34F39006FF867 /* AppDelegate.m */; };
		895E294822D34F39006FF867 /* ViewController.m in Sources */ = {isa = PBXBuildFile; fileRef = 895E294722D34F39006FF867 /* ViewController.m */; };
		895E294B22D34F39006FF867 /* Main.storyboard in Resources */ = {isa = PBXBuildFile; fileRef = 895E294922D34F39006FF867 /* Main.storyboard */; };
		895E294D22D34F3B006FF867 /* Assets.xcassets in Resources */ = {isa = PBXBuildFile; fileRef = 895E294C22D34F3B006FF867 /* Assets.xcassets */; };
		895E295022D34F3B006FF867 /* LaunchScreen.storyboard in Resources */ = {isa = PBXBuildFile; fileRef = 895E294E22D34F3B006FF867 /* LaunchScreen.storyboard */; };
		895E295322D34F3B006FF867 /* main.m in Sources */ = {isa = PBXBuildFile; fileRef = 895E295222D34F3B006FF867 /* main.m */; };
		895E295D22D34F3B006FF867 /* listViewTests.m in Sources */ = {isa = PBXBuildFile; fileRef = 895E295C22D34F3B006FF867 /* listViewTests.m */; };
		895E296822D34F3B006FF867 /* listViewUITests.m in Sources */ = {isa = PBXBuildFile; fileRef = 895E296722D34F3B006FF867 /* listViewUITests.m */; };
		895E297822D34F94006FF867 /* DSHListView.m in Sources */ = {isa = PBXBuildFile; fileRef = 895E297722D34F94006FF867 /* DSHListView.m */; };
		895E297C22D433F9006FF867 /* XHHeaderView.m in Sources */ = {isa = PBXBuildFile; fileRef = 895E297B22D433F9006FF867 /* XHHeaderView.m */; };
		895E298022D4344D006FF867 /* XHHeaderView.xib in Resources */ = {isa = PBXBuildFile; fileRef = 895E297F22D4344D006FF867 /* XHHeaderView.xib */; };
		895E298322D437D2006FF867 /* XHPageViewHeader.m in Sources */ = {isa = PBXBuildFile; fileRef = 895E298222D437D2006FF867 /* XHPageViewHeader.m */; };
		895E298522D437DF006FF867 /* XHPageViewHeader.xib in Resources */ = {isa = PBXBuildFile; fileRef = 895E298422D437DF006FF867 /* XHPageViewHeader.xib */; };
		895E298822D43953006FF867 /* XHPageView.m in Sources */ = {isa = PBXBuildFile; fileRef = 895E298722D43953006FF867 /* XHPageView.m */; };
		895E298B22D439C3006FF867 /* XHDemoTableViewController.m in Sources */ = {isa = PBXBuildFile; fileRef = 895E298A22D439C3006FF867 /* XHDemoTableViewController.m */; };
/* End PBXBuildFile section */

/* Begin PBXContainerItemProxy section */
		895E295922D34F3B006FF867 /* PBXContainerItemProxy */ = {
			isa = PBXContainerItemProxy;
			containerPortal = 895E293822D34F39006FF867 /* Project object */;
			proxyType = 1;
			remoteGlobalIDString = 895E293F22D34F39006FF867;
			remoteInfo = listView;
		};
		895E296422D34F3B006FF867 /* PBXContainerItemProxy */ = {
			isa = PBXContainerItemProxy;
			containerPortal = 895E293822D34F39006FF867 /* Project object */;
			proxyType = 1;
			remoteGlobalIDString = 895E293F22D34F39006FF867;
			remoteInfo = listView;
		};
/* End PBXContainerItemProxy section */

/* Begin PBXFileReference section */
		0F845B0034AF48BF94F2A9E5 /* libPods-listViewTests.a */ = {isa = PBXFileReference; explicitFileType = archive.ar; includeInIndex = 0; path = "libPods-listViewTests.a"; sourceTree = BUILT_PRODUCTS_DIR; };
		13956AAEC5600AA1EA3C9825 /* libPods-listView.a */ = {isa = PBXFileReference; explicitFileType = archive.ar; includeInIndex = 0; path = "libPods-listView.a"; sourceTree = BUILT_PRODUCTS_DIR; };
		4F4B17BFB954F2776882452D /* Pods-listView.debug.xcconfig */ = {isa = PBXFileReference; includeInIndex = 1; lastKnownFileType = text.xcconfig; name = "Pods-listView.debug.xcconfig"; path = "Pods/Target Support Files/Pods-listView/Pods-listView.debug.xcconfig"; sourceTree = "<group>"; };
		895E294022D34F39006FF867 /* listView.app */ = {isa = PBXFileReference; explicitFileType = wrapper.application; includeInIndex = 0; path = listView.app; sourceTree = BUILT_PRODUCTS_DIR; };
		895E294322D34F39006FF867 /* AppDelegate.h */ = {isa = PBXFileReference; lastKnownFileType = sourcecode.c.h; path = AppDelegate.h; sourceTree = "<group>"; };
		895E294422D34F39006FF867 /* AppDelegate.m */ = {isa = PBXFileReference; lastKnownFileType = sourcecode.c.objc; path = AppDelegate.m; sourceTree = "<group>"; };
		895E294622D34F39006FF867 /* ViewController.h */ = {isa = PBXFileReference; lastKnownFileType = sourcecode.c.h; path = ViewController.h; sourceTree = "<group>"; };
		895E294722D34F39006FF867 /* ViewController.m */ = {isa = PBXFileReference; lastKnownFileType = sourcecode.c.objc; path = ViewController.m; sourceTree = "<group>"; };
		895E294A22D34F39006FF867 /* Base */ = {isa = PBXFileReference; lastKnownFileType = file.storyboard; name = Base; path = Base.lproj/Main.storyboard; sourceTree = "<group>"; };
		895E294C22D34F3B006FF867 /* Assets.xcassets */ = {isa = PBXFileReference; lastKnownFileType = folder.assetcatalog; path = Assets.xcassets; sourceTree = "<group>"; };
		895E294F22D34F3B006FF867 /* Base */ = {isa = PBXFileReference; lastKnownFileType = file.storyboard; name = Base; path = Base.lproj/LaunchScreen.storyboard; sourceTree = "<group>"; };
		895E295122D34F3B006FF867 /* Info.plist */ = {isa = PBXFileReference; lastKnownFileType = text.plist.xml; path = Info.plist; sourceTree = "<group>"; };
		895E295222D34F3B006FF867 /* main.m */ = {isa = PBXFileReference; lastKnownFileType = sourcecode.c.objc; path = main.m; sourceTree = "<group>"; };
		895E295822D34F3B006FF867 /* listViewTests.xctest */ = {isa = PBXFileReference; explicitFileType = wrapper.cfbundle; includeInIndex = 0; path = listViewTests.xctest; sourceTree = BUILT_PRODUCTS_DIR; };
		895E295C22D34F3B006FF867 /* listViewTests.m */ = {isa = PBXFileReference; lastKnownFileType = sourcecode.c.objc; path = listViewTests.m; sourceTree = "<group>"; };
		895E295E22D34F3B006FF867 /* Info.plist */ = {isa = PBXFileReference; lastKnownFileType = text.plist.xml; path = Info.plist; sourceTree = "<group>"; };
		895E296322D34F3B006FF867 /* listViewUITests.xctest */ = {isa = PBXFileReference; explicitFileType = wrapper.cfbundle; includeInIndex = 0; path = listViewUITests.xctest; sourceTree = BUILT_PRODUCTS_DIR; };
		895E296722D34F3B006FF867 /* listViewUITests.m */ = {isa = PBXFileReference; lastKnownFileType = sourcecode.c.objc; path = listViewUITests.m; sourceTree = "<group>"; };
		895E296922D34F3B006FF867 /* Info.plist */ = {isa = PBXFileReference; lastKnownFileType = text.plist.xml; path = Info.plist; sourceTree = "<group>"; };
		895E297622D34F94006FF867 /* DSHListView.h */ = {isa = PBXFileReference; lastKnownFileType = sourcecode.c.h; path = DSHListView.h; sourceTree = "<group>"; };
		895E297722D34F94006FF867 /* DSHListView.m */ = {isa = PBXFileReference; lastKnownFileType = sourcecode.c.objc; path = DSHListView.m; sourceTree = "<group>"; };
		895E297A22D433F9006FF867 /* XHHeaderView.h */ = {isa = PBXFileReference; lastKnownFileType = sourcecode.c.h; path = XHHeaderView.h; sourceTree = "<group>"; };
		895E297B22D433F9006FF867 /* XHHeaderView.m */ = {isa = PBXFileReference; lastKnownFileType = sourcecode.c.objc; path = XHHeaderView.m; sourceTree = "<group>"; };
		895E297F22D4344D006FF867 /* XHHeaderView.xib */ = {isa = PBXFileReference; lastKnownFileType = file.xib; path = XHHeaderView.xib; sourceTree = "<group>"; };
		895E298122D437D2006FF867 /* XHPageViewHeader.h */ = {isa = PBXFileReference; lastKnownFileType = sourcecode.c.h; path = XHPageViewHeader.h; sourceTree = "<group>"; };
		895E298222D437D2006FF867 /* XHPageViewHeader.m */ = {isa = PBXFileReference; lastKnownFileType = sourcecode.c.objc; path = XHPageViewHeader.m; sourceTree = "<group>"; };
		895E298422D437DF006FF867 /* XHPageViewHeader.xib */ = {isa = PBXFileReference; lastKnownFileType = file.xib; path = XHPageViewHeader.xib; sourceTree = "<group>"; };
		895E298622D43953006FF867 /* XHPageView.h */ = {isa = PBXFileReference; lastKnownFileType = sourcecode.c.h; path = XHPageView.h; sourceTree = "<group>"; };
		895E298722D43953006FF867 /* XHPageView.m */ = {isa = PBXFileReference; lastKnownFileType = sourcecode.c.objc; path = XHPageView.m; sourceTree = "<group>"; };
		895E298922D439C3006FF867 /* XHDemoTableViewController.h */ = {isa = PBXFileReference; lastKnownFileType = sourcecode.c.h; path = XHDemoTableViewController.h; sourceTree = "<group>"; };
		895E298A22D439C3006FF867 /* XHDemoTableViewController.m */ = {isa = PBXFileReference; lastKnownFileType = sourcecode.c.objc; path = XHDemoTableViewController.m; sourceTree = "<group>"; };
		8B1477467E1E077B925D82A2 /* Pods-listView.release.xcconfig */ = {isa = PBXFileReference; includeInIndex = 1; lastKnownFileType = text.xcconfig; name = "Pods-listView.release.xcconfig"; path = "Pods/Target Support Files/Pods-listView/Pods-listView.release.xcconfig"; sourceTree = "<group>"; };
		E5D87F8135109778916141CC /* libPods-listViewUITests.a */ = {isa = PBXFileReference; explicitFileType = archive.ar; includeInIndex = 0; path = "libPods-listViewUITests.a"; sourceTree = BUILT_PRODUCTS_DIR; };
/* End PBXFileReference section */

/* Begin PBXFrameworksBuildPhase section */
		895E293D22D34F39006FF867 /* Frameworks */ = {
			isa = PBXFrameworksBuildPhase;
			buildActionMask = 2147483647;
			files = (
				86192C56B5963CA038E9409E /* libPods-listView.a in Frameworks */,
			);
			runOnlyForDeploymentPostprocessing = 0;
		};
		895E295522D34F3B006FF867 /* Frameworks */ = {
			isa = PBXFrameworksBuildPhase;
			buildActionMask = 2147483647;
			files = (
			);
			runOnlyForDeploymentPostprocessing = 0;
		};
		895E296022D34F3B006FF867 /* Frameworks */ = {
			isa = PBXFrameworksBuildPhase;
			buildActionMask = 2147483647;
			files = (
			);
			runOnlyForDeploymentPostprocessing = 0;
		};
/* End PBXFrameworksBuildPhase section */

/* Begin PBXGroup section */
		531C053125E0FCFEA69C8095 /* Pods */ = {
			isa = PBXGroup;
			children = (
				4F4B17BFB954F2776882452D /* Pods-listView.debug.xcconfig */,
				8B1477467E1E077B925D82A2 /* Pods-listView.release.xcconfig */,
			);
			name = Pods;
			sourceTree = "<group>";
		};
		7970E357D4884B6095FF6236 /* Frameworks */ = {
			isa = PBXGroup;
			children = (
				13956AAEC5600AA1EA3C9825 /* libPods-listView.a */,
				0F845B0034AF48BF94F2A9E5 /* libPods-listViewTests.a */,
				E5D87F8135109778916141CC /* libPods-listViewUITests.a */,
			);
			name = Frameworks;
			sourceTree = "<group>";
		};
		895E293722D34F39006FF867 = {
			isa = PBXGroup;
			children = (
				895E297922D431FE006FF867 /* xh */,
				895E297522D34F71006FF867 /* Classes */,
				895E294222D34F39006FF867 /* listView */,
				895E295B22D34F3B006FF867 /* listViewTests */,
				895E296622D34F3B006FF867 /* listViewUITests */,
				895E294122D34F39006FF867 /* Products */,
				531C053125E0FCFEA69C8095 /* Pods */,
				7970E357D4884B6095FF6236 /* Frameworks */,
			);
			sourceTree = "<group>";
		};
		895E294122D34F39006FF867 /* Products */ = {
			isa = PBXGroup;
			children = (
				895E294022D34F39006FF867 /* listView.app */,
				895E295822D34F3B006FF867 /* listViewTests.xctest */,
				895E296322D34F3B006FF867 /* listViewUITests.xctest */,
			);
			name = Products;
			sourceTree = "<group>";
		};
		895E294222D34F39006FF867 /* listView */ = {
			isa = PBXGroup;
			children = (
				895E294322D34F39006FF867 /* AppDelegate.h */,
				895E294422D34F39006FF867 /* AppDelegate.m */,
				895E294622D34F39006FF867 /* ViewController.h */,
				895E294722D34F39006FF867 /* ViewController.m */,
				895E294922D34F39006FF867 /* Main.storyboard */,
				895E294C22D34F3B006FF867 /* Assets.xcassets */,
				895E294E22D34F3B006FF867 /* LaunchScreen.storyboard */,
				895E295122D34F3B006FF867 /* Info.plist */,
				895E295222D34F3B006FF867 /* main.m */,
			);
			path = listView;
			sourceTree = "<group>";
		};
		895E295B22D34F3B006FF867 /* listViewTests */ = {
			isa = PBXGroup;
			children = (
				895E295C22D34F3B006FF867 /* listViewTests.m */,
				895E295E22D34F3B006FF867 /* Info.plist */,
			);
			path = listViewTests;
			sourceTree = "<group>";
		};
		895E296622D34F3B006FF867 /* listViewUITests */ = {
			isa = PBXGroup;
			children = (
				895E296722D34F3B006FF867 /* listViewUITests.m */,
				895E296922D34F3B006FF867 /* Info.plist */,
			);
			path = listViewUITests;
			sourceTree = "<group>";
		};
		895E297522D34F71006FF867 /* Classes */ = {
			isa = PBXGroup;
			children = (
				895E297622D34F94006FF867 /* DSHListView.h */,
				895E297722D34F94006FF867 /* DSHListView.m */,
			);
			path = Classes;
			sourceTree = "<group>";
		};
		895E297922D431FE006FF867 /* xh */ = {
			isa = PBXGroup;
			children = (
				895E297A22D433F9006FF867 /* XHHeaderView.h */,
				895E297B22D433F9006FF867 /* XHHeaderView.m */,
				895E297F22D4344D006FF867 /* XHHeaderView.xib */,
				895E298122D437D2006FF867 /* XHPageViewHeader.h */,
				895E298222D437D2006FF867 /* XHPageViewHeader.m */,
				895E298422D437DF006FF867 /* XHPageViewHeader.xib */,
				895E298622D43953006FF867 /* XHPageView.h */,
				895E298722D43953006FF867 /* XHPageView.m */,
				895E298922D439C3006FF867 /* XHDemoTableViewController.h */,
				895E298A22D439C3006FF867 /* XHDemoTableViewController.m */,
			);
			path = xh;
			sourceTree = "<group>";
		};
/* End PBXGroup section */

/* Begin PBXNativeTarget section */
		895E293F22D34F39006FF867 /* listView */ = {
			isa = PBXNativeTarget;
			buildConfigurationList = 895E296C22D34F3B006FF867 /* Build configuration list for PBXNativeTarget "listView" */;
			buildPhases = (
				C99AB063D519185E0E7A0013 /* [CP] Check Pods Manifest.lock */,
				895E293C22D34F39006FF867 /* Sources */,
				895E293D22D34F39006FF867 /* Frameworks */,
				895E293E22D34F39006FF867 /* Resources */,
			);
			buildRules = (
			);
			dependencies = (
			);
			name = listView;
			productName = listView;
			productReference = 895E294022D34F39006FF867 /* listView.app */;
			productType = "com.apple.product-type.application";
		};
		895E295722D34F3B006FF867 /* listViewTests */ = {
			isa = PBXNativeTarget;
			buildConfigurationList = 895E296F22D34F3B006FF867 /* Build configuration list for PBXNativeTarget "listViewTests" */;
			buildPhases = (
				895E295422D34F3B006FF867 /* Sources */,
				895E295522D34F3B006FF867 /* Frameworks */,
				895E295622D34F3B006FF867 /* Resources */,
			);
			buildRules = (
			);
			dependencies = (
				895E295A22D34F3B006FF867 /* PBXTargetDependency */,
			);
			name = listViewTests;
			productName = listViewTests;
			productReference = 895E295822D34F3B006FF867 /* listViewTests.xctest */;
			productType = "com.apple.product-type.bundle.unit-test";
		};
		895E296222D34F3B006FF867 /* listViewUITests */ = {
			isa = PBXNativeTarget;
			buildConfigurationList = 895E297222D34F3B006FF867 /* Build configuration list for PBXNativeTarget "listViewUITests" */;
			buildPhases = (
				895E295F22D34F3B006FF867 /* Sources */,
				895E296022D34F3B006FF867 /* Frameworks */,
				895E296122D34F3B006FF867 /* Resources */,
			);
			buildRules = (
			);
			dependencies = (
				895E296522D34F3B006FF867 /* PBXTargetDependency */,
			);
			name = listViewUITests;
			productName = listViewUITests;
			productReference = 895E296322D34F3B006FF867 /* listViewUITests.xctest */;
			productType = "com.apple.product-type.bundle.ui-testing";
		};
/* End PBXNativeTarget section */

/* Begin PBXProject section */
		895E293822D34F39006FF867 /* Project object */ = {
			isa = PBXProject;
			attributes = {
				LastUpgradeCheck = 1010;
				ORGANIZATIONNAME = "路";
				TargetAttributes = {
					895E293F22D34F39006FF867 = {
						CreatedOnToolsVersion = 10.1;
					};
					895E295722D34F3B006FF867 = {
						CreatedOnToolsVersion = 10.1;
						TestTargetID = 895E293F22D34F39006FF867;
					};
					895E296222D34F3B006FF867 = {
						CreatedOnToolsVersion = 10.1;
						TestTargetID = 895E293F22D34F39006FF867;
					};
				};
			};
			buildConfigurationList = 895E293B22D34F39006FF867 /* Build configuration list for PBXProject "listView" */;
			compatibilityVersion = "Xcode 9.3";
			developmentRegion = en;
			hasScannedForEncodings = 0;
			knownRegions = (
				en,
				Base,
			);
			mainGroup = 895E293722D34F39006FF867;
			productRefGroup = 895E294122D34F39006FF867 /* Products */;
			projectDirPath = "";
			projectRoot = "";
			targets = (
				895E293F22D34F39006FF867 /* listView */,
				895E295722D34F3B006FF867 /* listViewTests */,
				895E296222D34F3B006FF867 /* listViewUITests */,
			);
		};
/* End PBXProject section */

/* Begin PBXResourcesBuildPhase section */
		895E293E22D34F39006FF867 /* Resources */ = {
			isa = PBXResourcesBuildPhase;
			buildActionMask = 2147483647;
			files = (
				895E295022D34F3B006FF867 /* LaunchScreen.storyboard in Resources */,
				895E298522D437DF006FF867 /* XHPageViewHeader.xib in Resources */,
				895E298022D4344D006FF867 /* XHHeaderView.xib in Resources */,
				895E294D22D34F3B006FF867 /* Assets.xcassets in Resources */,
				895E294B22D34F39006FF867 /* Main.storyboard in Resources */,
			);
			runOnlyForDeploymentPostprocessing = 0;
		};
		895E295622D34F3B006FF867 /* Resources */ = {
			isa = PBXResourcesBuildPhase;
			buildActionMask = 2147483647;
			files = (
			);
			runOnlyForDeploymentPostprocessing = 0;
		};
		895E296122D34F3B006FF867 /* Resources */ = {
			isa = PBXResourcesBuildPhase;
			buildActionMask = 2147483647;
			files = (
			);
			runOnlyForDeploymentPostprocessing = 0;
		};
/* End PBXResourcesBuildPhase section */

/* Begin PBXShellScriptBuildPhase section */
		C99AB063D519185E0E7A0013 /* [CP] Check Pods Manifest.lock */ = {
			isa = PBXShellScriptBuildPhase;
			buildActionMask = 2147483647;
			files = (
			);
			inputPaths = (
				"${PODS_PODFILE_DIR_PATH}/Podfile.lock",
				"${PODS_ROOT}/Manifest.lock",
			);
			name = "[CP] Check Pods Manifest.lock";
			outputPaths = (
				"$(DERIVED_FILE_DIR)/Pods-listView-checkManifestLockResult.txt",
			);
			runOnlyForDeploymentPostprocessing = 0;
			shellPath = /bin/sh;
			shellScript = "diff \"${PODS_PODFILE_DIR_PATH}/Podfile.lock\" \"${PODS_ROOT}/Manifest.lock\" > /dev/null\nif [ $? != 0 ] ; then\n    # print error to STDERR\n    echo \"error: The sandbox is not in sync with the Podfile.lock. Run 'pod install' or update your CocoaPods installation.\" >&2\n    exit 1\nfi\n# This output is used by Xcode 'outputs' to avoid re-running this script phase.\necho \"SUCCESS\" > \"${SCRIPT_OUTPUT_FILE_0}\"\n";
			showEnvVarsInLog = 0;
		};
/* End PBXShellScriptBuildPhase section */

/* Begin PBXSourcesBuildPhase section */
		895E293C22D34F39006FF867 /* Sources */ = {
			isa = PBXSourcesBuildPhase;
			buildActionMask = 2147483647;
			files = (
				895E294822D34F39006FF867 /* ViewController.m in Sources */,
				895E295322D34F3B006FF867 /* main.m in Sources */,
				895E298B22D439C3006FF867 /* XHDemoTableViewController.m in Sources */,
				895E297C22D433F9006FF867 /* XHHeaderView.m in Sources */,
				895E298822D43953006FF867 /* XHPageView.m in Sources */,
				895E297822D34F94006FF867 /* DSHListView.m in Sources */,
				895E298322D437D2006FF867 /* XHPageViewHeader.m in Sources */,
				895E294522D34F39006FF867 /* AppDelegate.m in Sources */,
			);
			runOnlyForDeploymentPostprocessing = 0;
		};
		895E295422D34F3B006FF867 /* Sources */ = {
			isa = PBXSourcesBuildPhase;
			buildActionMask = 2147483647;
			files = (
				895E295D22D34F3B006FF867 /* listViewTests.m in Sources */,
			);
			runOnlyForDeploymentPostprocessing = 0;
		};
		895E295F22D34F3B006FF867 /* Sources */ = {
			isa = PBXSourcesBuildPhase;
			buildActionMask = 2147483647;
			files = (
				895E296822D34F3B006FF867 /* listViewUITests.m in Sources */,
			);
			runOnlyForDeploymentPostprocessing = 0;
		};
/* End PBXSourcesBuildPhase section */

/* Begin PBXTargetDependency section */
		895E295A22D34F3B006FF867 /* PBXTargetDependency */ = {
			isa = PBXTargetDependency;
			target = 895E293F22D34F39006FF867 /* listView */;
			targetProxy = 895E295922D34F3B006FF867 /* PBXContainerItemProxy */;
		};
		895E296522D34F3B006FF867 /* PBXTargetDependency */ = {
			isa = PBXTargetDependency;
			target = 895E293F22D34F39006FF867 /* listView */;
			targetProxy = 895E296422D34F3B006FF867 /* PBXContainerItemProxy */;
		};
/* End PBXTargetDependency section */

/* Begin PBXVariantGroup section */
		895E294922D34F39006FF867 /* Main.storyboard */ = {
			isa = PBXVariantGroup;
			children = (
				895E294A22D34F39006FF867 /* Base */,
			);
			name = Main.storyboard;
			sourceTree = "<group>";
		};
		895E294E22D34F3B006FF867 /* LaunchScreen.storyboard */ = {
			isa = PBXVariantGroup;
			children = (
				895E294F22D34F3B006FF867 /* Base */,
			);
			name = LaunchScreen.storyboard;
			sourceTree = "<group>";
		};
/* End PBXVariantGroup section */

/* Begin XCBuildConfiguration section */
		895E296A22D34F3B006FF867 /* Debug */ = {
			isa = XCBuildConfiguration;
			buildSettings = {
				ALWAYS_SEARCH_USER_PATHS = NO;
				CLANG_ANALYZER_NONNULL = YES;
				CLANG_ANALYZER_NUMBER_OBJECT_CONVERSION = YES_AGGRESSIVE;
				CLANG_CXX_LANGUAGE_STANDARD = "gnu++14";
				CLANG_CXX_LIBRARY = "libc++";
				CLANG_ENABLE_MODULES = YES;
				CLANG_ENABLE_OBJC_ARC = YES;
				CLANG_ENABLE_OBJC_WEAK = YES;
				CLANG_WARN_BLOCK_CAPTURE_AUTORELEASING = YES;
				CLANG_WARN_BOOL_CONVERSION = YES;
				CLANG_WARN_COMMA = YES;
				CLANG_WARN_CONSTANT_CONVERSION = YES;
				CLANG_WARN_DEPRECATED_OBJC_IMPLEMENTATIONS = YES;
				CLANG_WARN_DIRECT_OBJC_ISA_USAGE = YES_ERROR;
				CLANG_WARN_DOCUMENTATION_COMMENTS = YES;
				CLANG_WARN_EMPTY_BODY = YES;
				CLANG_WARN_ENUM_CONVERSION = YES;
				CLANG_WARN_INFINITE_RECURSION = YES;
				CLANG_WARN_INT_CONVERSION = YES;
				CLANG_WARN_NON_LITERAL_NULL_CONVERSION = YES;
				CLANG_WARN_OBJC_IMPLICIT_RETAIN_SELF = YES;
				CLANG_WARN_OBJC_LITERAL_CONVERSION = YES;
				CLANG_WARN_OBJC_ROOT_CLASS = YES_ERROR;
				CLANG_WARN_RANGE_LOOP_ANALYSIS = YES;
				CLANG_WARN_STRICT_PROTOTYPES = YES;
				CLANG_WARN_SUSPICIOUS_MOVE = YES;
				CLANG_WARN_UNGUARDED_AVAILABILITY = YES_AGGRESSIVE;
				CLANG_WARN_UNREACHABLE_CODE = YES;
				CLANG_WARN__DUPLICATE_METHOD_MATCH = YES;
				CODE_SIGN_IDENTITY = "iPhone Developer";
				COPY_PHASE_STRIP = NO;
				DEBUG_INFORMATION_FORMAT = dwarf;
				ENABLE_STRICT_OBJC_MSGSEND = YES;
				ENABLE_TESTABILITY = YES;
				GCC_C_LANGUAGE_STANDARD = gnu11;
				GCC_DYNAMIC_NO_PIC = NO;
				GCC_NO_COMMON_BLOCKS = YES;
				GCC_OPTIMIZATION_LEVEL = 0;
				GCC_PREPROCESSOR_DEFINITIONS = (
					"DEBUG=1",
					"$(inherited)",
				);
				GCC_WARN_64_TO_32_BIT_CONVERSION = YES;
				GCC_WARN_ABOUT_RETURN_TYPE = YES_ERROR;
				GCC_WARN_UNDECLARED_SELECTOR = YES;
				GCC_WARN_UNINITIALIZED_AUTOS = YES_AGGRESSIVE;
				GCC_WARN_UNUSED_FUNCTION = YES;
				GCC_WARN_UNUSED_VARIABLE = YES;
				IPHONEOS_DEPLOYMENT_TARGET = 12.1;
				MTL_ENABLE_DEBUG_INFO = INCLUDE_SOURCE;
				MTL_FAST_MATH = YES;
				ONLY_ACTIVE_ARCH = YES;
				SDKROOT = iphoneos;
			};
			name = Debug;
		};
		895E296B22D34F3B006FF867 /* Release */ = {
			isa = XCBuildConfiguration;
			buildSettings = {
				ALWAYS_SEARCH_USER_PATHS = NO;
				CLANG_ANALYZER_NONNULL = YES;
				CLANG_ANALYZER_NUMBER_OBJECT_CONVERSION = YES_AGGRESSIVE;
				CLANG_CXX_LANGUAGE_STANDARD = "gnu++14";
				CLANG_CXX_LIBRARY = "libc++";
				CLANG_ENABLE_MODULES = YES;
				CLANG_ENABLE_OBJC_ARC = YES;
				CLANG_ENABLE_OBJC_WEAK = YES;
				CLANG_WARN_BLOCK_CAPTURE_AUTORELEASING = YES;
				CLANG_WARN_BOOL_CONVERSION = YES;
				CLANG_WARN_COMMA = YES;
				CLANG_WARN_CONSTANT_CONVERSION = YES;
				CLANG_WARN_DEPRECATED_OBJC_IMPLEMENTATIONS = YES;
				CLANG_WARN_DIRECT_OBJC_ISA_USAGE = YES_ERROR;
				CLANG_WARN_DOCUMENTATION_COMMENTS = YES;
				CLANG_WARN_EMPTY_BODY = YES;
				CLANG_WARN_ENUM_CONVERSION = YES;
				CLANG_WARN_INFINITE_RECURSION = YES;
				CLANG_WARN_INT_CONVERSION = YES;
				CLANG_WARN_NON_LITERAL_NULL_CONVERSION = YES;
				CLANG_WARN_OBJC_IMPLICIT_RETAIN_SELF = YES;
				CLANG_WARN_OBJC_LITERAL_CONVERSION = YES;
				CLANG_WARN_OBJC_ROOT_CLASS = YES_ERROR;
				CLANG_WARN_RANGE_LOOP_ANALYSIS = YES;
				CLANG_WARN_STRICT_PROTOTYPES = YES;
				CLANG_WARN_SUSPICIOUS_MOVE = YES;
				CLANG_WARN_UNGUARDED_AVAILABILITY = YES_AGGRESSIVE;
				CLANG_WARN_UNREACHABLE_CODE = YES;
				CLANG_WARN__DUPLICATE_METHOD_MATCH = YES;
				CODE_SIGN_IDENTITY = "iPhone Developer";
				COPY_PHASE_STRIP = NO;
				DEBUG_INFORMATION_FORMAT = "dwarf-with-dsym";
				ENABLE_NS_ASSERTIONS = NO;
				ENABLE_STRICT_OBJC_MSGSEND = YES;
				GCC_C_LANGUAGE_STANDARD = gnu11;
				GCC_NO_COMMON_BLOCKS = YES;
				GCC_WARN_64_TO_32_BIT_CONVERSION = YES;
				GCC_WARN_ABOUT_RETURN_TYPE = YES_ERROR;
				GCC_WARN_UNDECLARED_SELECTOR = YES;
				GCC_WARN_UNINITIALIZED_AUTOS = YES_AGGRESSIVE;
				GCC_WARN_UNUSED_FUNCTION = YES;
				GCC_WARN_UNUSED_VARIABLE = YES;
				IPHONEOS_DEPLOYMENT_TARGET = 12.1;
				MTL_ENABLE_DEBUG_INFO = NO;
				MTL_FAST_MATH = YES;
				SDKROOT = iphoneos;
				VALIDATE_PRODUCT = YES;
			};
			name = Release;
		};
		895E296D22D34F3B006FF867 /* Debug */ = {
			isa = XCBuildConfiguration;
			baseConfigurationReference = 4F4B17BFB954F2776882452D /* Pods-listView.debug.xcconfig */;
			buildSettings = {
				ASSETCATALOG_COMPILER_APPICON_NAME = AppIcon;
				CODE_SIGN_STYLE = Automatic;
				DEVELOPMENT_TEAM = Y8DFRSM67W;
				INFOPLIST_FILE = listView/Info.plist;
				IPHONEOS_DEPLOYMENT_TARGET = 9.0;
				LD_RUNPATH_SEARCH_PATHS = (
					"$(inherited)",
					"@executable_path/Frameworks",
				);
				PRODUCT_BUNDLE_IDENTIFIER = com.lu.test;
				PRODUCT_NAME = "$(TARGET_NAME)";
				TARGETED_DEVICE_FAMILY = "1,2";
			};
			name = Debug;
		};
		895E296E22D34F3B006FF867 /* Release */ = {
			isa = XCBuildConfiguration;
			baseConfigurationReference = 8B1477467E1E077B925D82A2 /* Pods-listView.release.xcconfig */;
			buildSettings = {
				ASSETCATALOG_COMPILER_APPICON_NAME = AppIcon;
				CODE_SIGN_STYLE = Automatic;
				DEVELOPMENT_TEAM = Y8DFRSM67W;
				INFOPLIST_FILE = listView/Info.plist;
				IPHONEOS_DEPLOYMENT_TARGET = 9.0;
				LD_RUNPATH_SEARCH_PATHS = (
					"$(inherited)",
					"@executable_path/Frameworks",
				);
				PRODUCT_BUNDLE_IDENTIFIER = com.lu.test;
				PRODUCT_NAME = "$(TARGET_NAME)";
				TARGETED_DEVICE_FAMILY = "1,2";
			};
			name = Release;
		};
		895E297022D34F3B006FF867 /* Debug */ = {
			isa = XCBuildConfiguration;
			buildSettings = {
				BUNDLE_LOADER = "$(TEST_HOST)";
				CODE_SIGN_STYLE = Automatic;
				INFOPLIST_FILE = listViewTests/Info.plist;
				LD_RUNPATH_SEARCH_PATHS = (
					"$(inherited)",
					"@executable_path/Frameworks",
					"@loader_path/Frameworks",
				);
				PRODUCT_BUNDLE_IDENTIFIER = com.lu.listViewTests;
				PRODUCT_NAME = "$(TARGET_NAME)";
				TARGETED_DEVICE_FAMILY = "1,2";
				TEST_HOST = "$(BUILT_PRODUCTS_DIR)/listView.app/listView";
			};
			name = Debug;
		};
		895E297122D34F3B006FF867 /* Release */ = {
			isa = XCBuildConfiguration;
			buildSettings = {
				BUNDLE_LOADER = "$(TEST_HOST)";
				CODE_SIGN_STYLE = Automatic;
				INFOPLIST_FILE = listViewTests/Info.plist;
				LD_RUNPATH_SEARCH_PATHS = (
					"$(inherited)",
					"@executable_path/Frameworks",
					"@loader_path/Frameworks",
				);
				PRODUCT_BUNDLE_IDENTIFIER = com.lu.listViewTests;
				PRODUCT_NAME = "$(TARGET_NAME)";
				TARGETED_DEVICE_FAMILY = "1,2";
				TEST_HOST = "$(BUILT_PRODUCTS_DIR)/listView.app/listView";
			};
			name = Release;
		};
		895E297322D34F3B006FF867 /* Debug */ = {
			isa = XCBuildConfiguration;
			buildSettings = {
				CODE_SIGN_STYLE = Automatic;
				INFOPLIST_FILE = listViewUITests/Info.plist;
				LD_RUNPATH_SEARCH_PATHS = (
					"$(inherited)",
					"@executable_path/Frameworks",
					"@loader_path/Frameworks",
				);
				PRODUCT_BUNDLE_IDENTIFIER = com.lu.listViewUITests;
				PRODUCT_NAME = "$(TARGET_NAME)";
				TARGETED_DEVICE_FAMILY = "1,2";
				TEST_TARGET_NAME = listView;
			};
			name = Debug;
		};
		895E297422D34F3B006FF867 /* Release */ = {
			isa = XCBuildConfiguration;
			buildSettings = {
				CODE_SIGN_STYLE = Automatic;
				INFOPLIST_FILE = listViewUITests/Info.plist;
				LD_RUNPATH_SEARCH_PATHS = (
					"$(inherited)",
					"@executable_path/Frameworks",
					"@loader_path/Frameworks",
				);
				PRODUCT_BUNDLE_IDENTIFIER = com.lu.listViewUITests;
				PRODUCT_NAME = "$(TARGET_NAME)";
				TARGETED_DEVICE_FAMILY = "1,2";
				TEST_TARGET_NAME = listView;
			};
			name = Release;
		};
/* End XCBuildConfiguration section */

/* Begin XCConfigurationList section */
		895E293B22D34F39006FF867 /* Build configuration list for PBXProject "listView" */ = {
			isa = XCConfigurationList;
			buildConfigurations = (
				895E296A22D34F3B006FF867 /* Debug */,
				895E296B22D34F3B006FF867 /* Release */,
			);
			defaultConfigurationIsVisible = 0;
			defaultConfigurationName = Release;
		};
		895E296C22D34F3B006FF867 /* Build configuration list for PBXNativeTarget "listView" */ = {
			isa = XCConfigurationList;
			buildConfigurations = (
				895E296D22D34F3B006FF867 /* Debug */,
				895E296E22D34F3B006FF867 /* Release */,
			);
			defaultConfigurationIsVisible = 0;
			defaultConfigurationName = Release;
		};
		895E296F22D34F3B006FF867 /* Build configuration list for PBXNativeTarget "listViewTests" */ = {
			isa = XCConfigurationList;
			buildConfigurations = (
				895E297022D34F3B006FF867 /* Debug */,
				895E297122D34F3B006FF867 /* Release */,
			);
			defaultConfigurationIsVisible = 0;
			defaultConfigurationName = Release;
		};
		895E297222D34F3B006FF867 /* Build configuration list for PBXNativeTarget "listViewUITests" */ = {
			isa = XCConfigurationList;
			buildConfigurations = (
				895E297322D34F3B006FF867 /* Debug */,
				895E297422D34F3B006FF867 /* Release */,
			);
			defaultConfigurationIsVisible = 0;
			defaultConfigurationName = Release;
		};
/* End XCConfigurationList section */
	};
	rootObject = 895E293822D34F39006FF867 /* Project object */;
}
