PODS:
  - DSHPageViewController (0.0.1)

DEPENDENCIES:
  - DSHPageViewController (from `https://github.com/568071718/PageViewController.git`)

EXTERNAL SOURCES:
  DSHPageViewController:
    :git: https://github.com/568071718/PageViewController.git

CHECKOUT OPTIONS:
  DSHPageViewController:
    :commit: 10e636670472ea135742e202cafe204d3ac6c8a1
    :git: https://github.com/568071718/PageViewController.git

SPEC CHECKSUMS:
  DSHPageViewController: a9f85ca701219930bba18c4049c69cb322b32da6

PODFILE CHECKSUM: 7e5f530ec0f8db29b260c71116ec6054e85a5dce

COCOAPODS: 1.5.3
